
Microsoft Visual Studio Solution File, Format Version 12.00
# Visual Studio Version 17
VisualStudioVersion = 17.14.36518.9 d17.14
MinimumVisualStudioVersion = 10.0.40219.1
Project("{FAE04EC0-301F-11D3-BF4B-00C04F79EFBC}") = "PPA_Semana09", "PPA_Semana09\PPA_Semana09.csproj", "{38E6F267-D95A-4516-88F2-6E028AA33AE8}"
EndProject
Global
	GlobalSection(SolutionConfigurationPlatforms) = preSolution
		Debug|Any CPU = Debug|Any CPU
		Release|Any CPU = Release|Any CPU
	EndGlobalSection
	GlobalSection(ProjectConfigurationPlatforms) = postSolution
		{38E6F267-D95A-4516-88F2-6E028AA33AE8}.Debug|Any CPU.ActiveCfg = Debug|Any CPU
		{38E6F267-D95A-4516-88F2-6E028AA33AE8}.Debug|Any CPU.Build.0 = Debug|Any CPU
		{38E6F267-D95A-4516-88F2-6E028AA33AE8}.Release|Any CPU.ActiveCfg = Release|Any CPU
		{38E6F267-D95A-4516-88F2-6E028AA33AE8}.Release|Any CPU.Build.0 = Release|Any CPU
	EndGlobalSection
	GlobalSection(SolutionProperties) = preSolution
		HideSolutionNode = FALSE
	EndGlobalSection
	GlobalSection(ExtensibilityGlobals) = postSolution
		SolutionGuid = {6015A005-4135-4A25-AE8B-3081FAAEEDDD}
	EndGlobalSection
EndGlobal
